
Microsoft Visual Studio Solution File, Format Version 12.00
# Visual Studio Version 17
VisualStudioVersion = 17.7.34031.279
MinimumVisualStudioVersion = 10.0.40219.1
Project("{FAE04EC0-301F-11D3-BF4B-00C04F79EFBC}") = "Even or Odd", "Even or Odd\Even or Odd.csproj", "{E114A241-3E74-4139-A2F8-B8BD32C1C47F}"
EndProject
Project("{2150E333-8FDC-42A3-9474-1A3956D46DE8}") = "Solution Items", "Solution Items", "{26A522B3-35DD-4A45-89C8-883D72DABD70}"
	ProjectSection(SolutionItems) = preProject
		Instructions.txt = Instructions.txt
	EndProjectSection
EndProject
Global
	GlobalSection(SolutionConfigurationPlatforms) = preSolution
		Debug|Any CPU = Debug|Any CPU
		Release|Any CPU = Release|Any CPU
	EndGlobalSection
	GlobalSection(ProjectConfigurationPlatforms) = postSolution
		{E114A241-3E74-4139-A2F8-B8BD32C1C47F}.Debug|Any CPU.ActiveCfg = Debug|Any CPU
		{E114A241-3E74-4139-A2F8-B8BD32C1C47F}.Debug|Any CPU.Build.0 = Debug|Any CPU
		{E114A241-3E74-4139-A2F8-B8BD32C1C47F}.Release|Any CPU.ActiveCfg = Release|Any CPU
		{E114A241-3E74-4139-A2F8-B8BD32C1C47F}.Release|Any CPU.Build.0 = Release|Any CPU
	EndGlobalSection
	GlobalSection(SolutionProperties) = preSolution
		HideSolutionNode = FALSE
	EndGlobalSection
	GlobalSection(ExtensibilityGlobals) = postSolution
		SolutionGuid = {5DE6354A-BE14-464E-A6B0-73B042CDB0CC}
	EndGlobalSection
EndGlobal
